
Microsoft Visual Studio Solution File, Format Version 11.00
# Visual Studio 2010
# SharpDevelop 5.0
Project("{FAE04EC0-301F-11D3-BF4B-00C04F79EFBC}") = "Antlr3.Runtime", "Antlr3.Runtime\Antlr3.Runtime.csproj", "{8FDC0A87-9005-4D5A-AB75-E55CEB575559}"
EndProject
Project("{FAE04EC0-301F-11D3-BF4B-00C04F79EFBC}") = "VHDL", "VHDL\VHDL\VHDL.csproj", "{BC4213CF-B989-47AA-A3F9-39269FB2CE01}"
EndProject
Project("{FAE04EC0-301F-11D3-BF4B-00C04F79EFBC}") = "VHDLParser", "VHDL\VHDLParser\VHDLParser.csproj", "{CD766BB8-DA94-4975-B5FC-28F4CBCEF172}"
EndProject
Project("{FAE04EC0-301F-11D3-BF4B-00C04F79EFBC}") = "VHDLOutput", "VHDL\VHDLOutput\VHDLOutput.csproj", "{5FC177AE-ACA2-4BCC-80D8-4A5FBD6E44A3}"
EndProject
Project("{FAE04EC0-301F-11D3-BF4B-00C04F79EFBC}") = "VHDLParserSample", "VHDLParserSample\VHDLParserSample.csproj", "{C512D41A-6DE3-4430-A2F3-541EE54A3B4C}"
EndProject
Global
	GlobalSection(SolutionConfigurationPlatforms) = preSolution
		CodeAnalysis|Any CPU = CodeAnalysis|Any CPU
		CodeAnalysis|Mixed Platforms = CodeAnalysis|Mixed Platforms
		CodeAnalysis|x86 = CodeAnalysis|x86
		Debug|Any CPU = Debug|Any CPU
		Debug|Mixed Platforms = Debug|Mixed Platforms
		Debug|x86 = Debug|x86
		Release|Any CPU = Release|Any CPU
		Release|Mixed Platforms = Release|Mixed Platforms
		Release|x86 = Release|x86
	EndGlobalSection
	GlobalSection(ProjectConfigurationPlatforms) = postSolution
		{8FDC0A87-9005-4D5A-AB75-E55CEB575559}.CodeAnalysis|Any CPU.ActiveCfg = Release|Any CPU
		{8FDC0A87-9005-4D5A-AB75-E55CEB575559}.CodeAnalysis|Any CPU.Build.0 = Release|Any CPU
		{8FDC0A87-9005-4D5A-AB75-E55CEB575559}.CodeAnalysis|Mixed Platforms.ActiveCfg = Release|Any CPU
		{8FDC0A87-9005-4D5A-AB75-E55CEB575559}.CodeAnalysis|Mixed Platforms.Build.0 = Release|Any CPU
		{8FDC0A87-9005-4D5A-AB75-E55CEB575559}.CodeAnalysis|x86.ActiveCfg = Release|Any CPU
		{8FDC0A87-9005-4D5A-AB75-E55CEB575559}.Debug|Any CPU.ActiveCfg = Debug|Any CPU
		{8FDC0A87-9005-4D5A-AB75-E55CEB575559}.Debug|Any CPU.Build.0 = Debug|Any CPU
		{8FDC0A87-9005-4D5A-AB75-E55CEB575559}.Debug|Mixed Platforms.ActiveCfg = Debug|Any CPU
		{8FDC0A87-9005-4D5A-AB75-E55CEB575559}.Debug|Mixed Platforms.Build.0 = Debug|Any CPU
		{8FDC0A87-9005-4D5A-AB75-E55CEB575559}.Debug|x86.ActiveCfg = Debug|Any CPU
		{8FDC0A87-9005-4D5A-AB75-E55CEB575559}.Release|Any CPU.ActiveCfg = Release|Any CPU
		{8FDC0A87-9005-4D5A-AB75-E55CEB575559}.Release|Any CPU.Build.0 = Release|Any CPU
		{8FDC0A87-9005-4D5A-AB75-E55CEB575559}.Release|Mixed Platforms.ActiveCfg = Release|Any CPU
		{8FDC0A87-9005-4D5A-AB75-E55CEB575559}.Release|Mixed Platforms.Build.0 = Release|Any CPU
		{8FDC0A87-9005-4D5A-AB75-E55CEB575559}.Release|x86.ActiveCfg = Release|Any CPU
		{BC4213CF-B989-47AA-A3F9-39269FB2CE01}.CodeAnalysis|Any CPU.ActiveCfg = Release|Any CPU
		{BC4213CF-B989-47AA-A3F9-39269FB2CE01}.CodeAnalysis|Any CPU.Build.0 = Release|Any CPU
		{BC4213CF-B989-47AA-A3F9-39269FB2CE01}.CodeAnalysis|Mixed Platforms.ActiveCfg = Release|Any CPU
		{BC4213CF-B989-47AA-A3F9-39269FB2CE01}.CodeAnalysis|Mixed Platforms.Build.0 = Release|Any CPU
		{BC4213CF-B989-47AA-A3F9-39269FB2CE01}.CodeAnalysis|x86.ActiveCfg = Release|Any CPU
		{BC4213CF-B989-47AA-A3F9-39269FB2CE01}.Debug|Any CPU.ActiveCfg = Debug|Any CPU
		{BC4213CF-B989-47AA-A3F9-39269FB2CE01}.Debug|Any CPU.Build.0 = Debug|Any CPU
		{BC4213CF-B989-47AA-A3F9-39269FB2CE01}.Debug|Mixed Platforms.ActiveCfg = Debug|Any CPU
		{BC4213CF-B989-47AA-A3F9-39269FB2CE01}.Debug|Mixed Platforms.Build.0 = Debug|Any CPU
		{BC4213CF-B989-47AA-A3F9-39269FB2CE01}.Debug|x86.ActiveCfg = Debug|Any CPU
		{BC4213CF-B989-47AA-A3F9-39269FB2CE01}.Release|Any CPU.ActiveCfg = Release|Any CPU
		{BC4213CF-B989-47AA-A3F9-39269FB2CE01}.Release|Any CPU.Build.0 = Release|Any CPU
		{BC4213CF-B989-47AA-A3F9-39269FB2CE01}.Release|Mixed Platforms.ActiveCfg = Release|Any CPU
		{BC4213CF-B989-47AA-A3F9-39269FB2CE01}.Release|Mixed Platforms.Build.0 = Release|Any CPU
		{BC4213CF-B989-47AA-A3F9-39269FB2CE01}.Release|x86.ActiveCfg = Release|Any CPU
		{CD766BB8-DA94-4975-B5FC-28F4CBCEF172}.CodeAnalysis|Any CPU.ActiveCfg = Release|Any CPU
		{CD766BB8-DA94-4975-B5FC-28F4CBCEF172}.CodeAnalysis|Any CPU.Build.0 = Release|Any CPU
		{CD766BB8-DA94-4975-B5FC-28F4CBCEF172}.CodeAnalysis|Mixed Platforms.ActiveCfg = Release|Any CPU
		{CD766BB8-DA94-4975-B5FC-28F4CBCEF172}.CodeAnalysis|Mixed Platforms.Build.0 = Release|Any CPU
		{CD766BB8-DA94-4975-B5FC-28F4CBCEF172}.CodeAnalysis|x86.ActiveCfg = Release|Any CPU
		{CD766BB8-DA94-4975-B5FC-28F4CBCEF172}.Debug|Any CPU.ActiveCfg = Debug|Any CPU
		{CD766BB8-DA94-4975-B5FC-28F4CBCEF172}.Debug|Any CPU.Build.0 = Debug|Any CPU
		{CD766BB8-DA94-4975-B5FC-28F4CBCEF172}.Debug|Mixed Platforms.ActiveCfg = Debug|Any CPU
		{CD766BB8-DA94-4975-B5FC-28F4CBCEF172}.Debug|Mixed Platforms.Build.0 = Debug|Any CPU
		{CD766BB8-DA94-4975-B5FC-28F4CBCEF172}.Debug|x86.ActiveCfg = Debug|Any CPU
		{CD766BB8-DA94-4975-B5FC-28F4CBCEF172}.Release|Any CPU.ActiveCfg = Release|Any CPU
		{CD766BB8-DA94-4975-B5FC-28F4CBCEF172}.Release|Any CPU.Build.0 = Release|Any CPU
		{CD766BB8-DA94-4975-B5FC-28F4CBCEF172}.Release|Mixed Platforms.ActiveCfg = Release|Any CPU
		{CD766BB8-DA94-4975-B5FC-28F4CBCEF172}.Release|Mixed Platforms.Build.0 = Release|Any CPU
		{CD766BB8-DA94-4975-B5FC-28F4CBCEF172}.Release|x86.ActiveCfg = Release|Any CPU
		{5FC177AE-ACA2-4BCC-80D8-4A5FBD6E44A3}.CodeAnalysis|Any CPU.ActiveCfg = Release|Any CPU
		{5FC177AE-ACA2-4BCC-80D8-4A5FBD6E44A3}.CodeAnalysis|Any CPU.Build.0 = Release|Any CPU
		{5FC177AE-ACA2-4BCC-80D8-4A5FBD6E44A3}.CodeAnalysis|Mixed Platforms.ActiveCfg = Release|Any CPU
		{5FC177AE-ACA2-4BCC-80D8-4A5FBD6E44A3}.CodeAnalysis|Mixed Platforms.Build.0 = Release|Any CPU
		{5FC177AE-ACA2-4BCC-80D8-4A5FBD6E44A3}.CodeAnalysis|x86.ActiveCfg = Release|Any CPU
		{5FC177AE-ACA2-4BCC-80D8-4A5FBD6E44A3}.Debug|Any CPU.ActiveCfg = Debug|Any CPU
		{5FC177AE-ACA2-4BCC-80D8-4A5FBD6E44A3}.Debug|Any CPU.Build.0 = Debug|Any CPU
		{5FC177AE-ACA2-4BCC-80D8-4A5FBD6E44A3}.Debug|Mixed Platforms.ActiveCfg = Debug|Any CPU
		{5FC177AE-ACA2-4BCC-80D8-4A5FBD6E44A3}.Debug|Mixed Platforms.Build.0 = Debug|Any CPU
		{5FC177AE-ACA2-4BCC-80D8-4A5FBD6E44A3}.Debug|x86.ActiveCfg = Debug|Any CPU
		{5FC177AE-ACA2-4BCC-80D8-4A5FBD6E44A3}.Release|Any CPU.ActiveCfg = Release|Any CPU
		{5FC177AE-ACA2-4BCC-80D8-4A5FBD6E44A3}.Release|Any CPU.Build.0 = Release|Any CPU
		{5FC177AE-ACA2-4BCC-80D8-4A5FBD6E44A3}.Release|Mixed Platforms.ActiveCfg = Release|Any CPU
		{5FC177AE-ACA2-4BCC-80D8-4A5FBD6E44A3}.Release|Mixed Platforms.Build.0 = Release|Any CPU
		{5FC177AE-ACA2-4BCC-80D8-4A5FBD6E44A3}.Release|x86.ActiveCfg = Release|Any CPU
		{C512D41A-6DE3-4430-A2F3-541EE54A3B4C}.CodeAnalysis|Any CPU.ActiveCfg = Release|x86
		{C512D41A-6DE3-4430-A2F3-541EE54A3B4C}.CodeAnalysis|Mixed Platforms.ActiveCfg = Release|x86
		{C512D41A-6DE3-4430-A2F3-541EE54A3B4C}.CodeAnalysis|Mixed Platforms.Build.0 = Release|x86
		{C512D41A-6DE3-4430-A2F3-541EE54A3B4C}.CodeAnalysis|x86.ActiveCfg = Release|x86
		{C512D41A-6DE3-4430-A2F3-541EE54A3B4C}.CodeAnalysis|x86.Build.0 = Release|x86
		{C512D41A-6DE3-4430-A2F3-541EE54A3B4C}.Debug|Any CPU.ActiveCfg = Debug|x86
		{C512D41A-6DE3-4430-A2F3-541EE54A3B4C}.Debug|Mixed Platforms.ActiveCfg = Debug|x86
		{C512D41A-6DE3-4430-A2F3-541EE54A3B4C}.Debug|Mixed Platforms.Build.0 = Debug|x86
		{C512D41A-6DE3-4430-A2F3-541EE54A3B4C}.Debug|x86.ActiveCfg = Debug|x86
		{C512D41A-6DE3-4430-A2F3-541EE54A3B4C}.Debug|x86.Build.0 = Debug|x86
		{C512D41A-6DE3-4430-A2F3-541EE54A3B4C}.Release|Any CPU.ActiveCfg = Release|x86
		{C512D41A-6DE3-4430-A2F3-541EE54A3B4C}.Release|Mixed Platforms.ActiveCfg = Release|x86
		{C512D41A-6DE3-4430-A2F3-541EE54A3B4C}.Release|Mixed Platforms.Build.0 = Release|x86
		{C512D41A-6DE3-4430-A2F3-541EE54A3B4C}.Release|x86.ActiveCfg = Release|x86
		{C512D41A-6DE3-4430-A2F3-541EE54A3B4C}.Release|x86.Build.0 = Release|x86
	EndGlobalSection
	GlobalSection(SolutionProperties) = preSolution
		HideSolutionNode = FALSE
	EndGlobalSection
EndGlobal
